
Microsoft Visual Studio Solution File, Format Version 12.00
# Visual Studio Version 16
VisualStudioVersion = 16.0.31702.278
MinimumVisualStudioVersion = 10.0.40219.1
Project("{FAE04EC0-301F-11D3-BF4B-00C04F79EFBC}") = "AuthenticationAuthr", "AuthenticationAuthr\AuthenticationAuthr.csproj", "{300CC348-A3D7-48B8-B0AD-E975D93A4116}"
EndProject
Global
	GlobalSection(SolutionConfigurationPlatforms) = preSolution
		Debug|Any CPU = Debug|Any CPU
		Release|Any CPU = Release|Any CPU
	EndGlobalSection
	GlobalSection(ProjectConfigurationPlatforms) = postSolution
		{300CC348-A3D7-48B8-B0AD-E975D93A4116}.Debug|Any CPU.ActiveCfg = Debug|Any CPU
		{300CC348-A3D7-48B8-B0AD-E975D93A4116}.Debug|Any CPU.Build.0 = Debug|Any CPU
		{300CC348-A3D7-48B8-B0AD-E975D93A4116}.Release|Any CPU.ActiveCfg = Release|Any CPU
		{300CC348-A3D7-48B8-B0AD-E975D93A4116}.Release|Any CPU.Build.0 = Release|Any CPU
	EndGlobalSection
	GlobalSection(SolutionProperties) = preSolution
		HideSolutionNode = FALSE
	EndGlobalSection
	GlobalSection(ExtensibilityGlobals) = postSolution
		SolutionGuid = {00CB374A-0733-4870-995C-3D62CE630F30}
	EndGlobalSection
EndGlobal
